PODS:
  - Alamofire (5.10.2)
  - SDWebImage (5.20.0):
    - SDWebImage/Core (= 5.20.0)
  - SDWebImage/Core (5.20.0)
  - SkeletonView (1.30.4)
  - SwiftLint (0.57.1)
  - SwiftyJSON (5.0.2)

DEPENDENCIES:
  - Alamofire
  - SDWebImage
  - SkeletonView
  - SwiftLint
  - SwiftyJSON

SPEC REPOS:
  trunk:
    - Alamofire
    - SDWebImage
    - SkeletonView
    - SwiftLint
    - SwiftyJSON

SPEC CHECKSUMS:
  Alamofire: 7193b3b92c74a07f85569e1a6c4f4237291e7496
  SDWebImage: 73c6079366fea25fa4bb9640d5fb58f0893facd8
  SkeletonView: 5a050f6411e697abd4cda0a8d767013399dccd69
  SwiftLint: 92196976e597b9afec5dbe374810103e6c1d9d7c
  SwiftyJSON: f5b1bf1cd8dd53cd25887ac0eabcfd92301c6a5a

PODFILE CHECKSUM: 8eca35a0fc68b6086bcba33b76f9309bc6e9c0f8

COCOAPODS: 1.16.2
